
Microsoft Visual Studio Solution File, Format Version 12.00
# Visual Studio Version 17
VisualStudioVersion = 17.4.33213.308
MinimumVisualStudioVersion = 10.0.40219.1
Project("{FAE04EC0-301F-11D3-BF4B-00C04F79EFBC}") = "OrderService", "OrderService\OrderService.csproj", "{959FBBD6-1F85-4C96-AC89-485051420439}"
EndProject
Global
	GlobalSection(SolutionConfigurationPlatforms) = preSolution
		Debug|Any CPU = Debug|Any CPU
		Release|Any CPU = Release|Any CPU
	EndGlobalSection
	GlobalSection(ProjectConfigurationPlatforms) = postSolution
		{959FBBD6-1F85-4C96-AC89-485051420439}.Debug|Any CPU.ActiveCfg = Debug|Any CPU
		{959FBBD6-1F85-4C96-AC89-485051420439}.Debug|Any CPU.Build.0 = Debug|Any CPU
		{959FBBD6-1F85-4C96-AC89-485051420439}.Release|Any CPU.ActiveCfg = Release|Any CPU
		{959FBBD6-1F85-4C96-AC89-485051420439}.Release|Any CPU.Build.0 = Release|Any CPU
	EndGlobalSection
	GlobalSection(SolutionProperties) = preSolution
		HideSolutionNode = FALSE
	EndGlobalSection
	GlobalSection(ExtensibilityGlobals) = postSolution
		SolutionGuid = {1DD8D586-097C-4DC3-995F-59AB114F5F35}
	EndGlobalSection
EndGlobal
